
Microsoft Visual Studio Solution File, Format Version 12.00
# Visual Studio 15
VisualStudioVersion = 15.0.26430.4
MinimumVisualStudioVersion = 10.0.40219.1
Project("{FAE04EC0-301F-11D3-BF4B-00C04F79EFBC}") = "TravelAgency", "TravelAgency\TravelAgency.csproj", "{786A79AC-2BA7-45F4-A662-945A8D7AD9CC}"
EndProject
Project("{FAE04EC0-301F-11D3-BF4B-00C04F79EFBC}") = "TravelAgencyTests", "TravelAgencyTests\TravelAgencyTests.csproj", "{7806955D-D7BC-491C-8341-077EFDC8BB0D}"
EndProject
Global
	GlobalSection(SolutionConfigurationPlatforms) = preSolution
		Debug|Any CPU = Debug|Any CPU
		Release|Any CPU = Release|Any CPU
	EndGlobalSection
	GlobalSection(ProjectConfigurationPlatforms) = postSolution
		{786A79AC-2BA7-45F4-A662-945A8D7AD9CC}.Debug|Any CPU.ActiveCfg = Debug|Any CPU
		{786A79AC-2BA7-45F4-A662-945A8D7AD9CC}.Debug|Any CPU.Build.0 = Debug|Any CPU
		{786A79AC-2BA7-45F4-A662-945A8D7AD9CC}.Release|Any CPU.ActiveCfg = Release|Any CPU
		{786A79AC-2BA7-45F4-A662-945A8D7AD9CC}.Release|Any CPU.Build.0 = Release|Any CPU
		{7806955D-D7BC-491C-8341-077EFDC8BB0D}.Debug|Any CPU.ActiveCfg = Debug|Any CPU
		{7806955D-D7BC-491C-8341-077EFDC8BB0D}.Debug|Any CPU.Build.0 = Debug|Any CPU
		{7806955D-D7BC-491C-8341-077EFDC8BB0D}.Release|Any CPU.ActiveCfg = Release|Any CPU
		{7806955D-D7BC-491C-8341-077EFDC8BB0D}.Release|Any CPU.Build.0 = Release|Any CPU
	EndGlobalSection
	GlobalSection(SolutionProperties) = preSolution
		HideSolutionNode = FALSE
	EndGlobalSection
EndGlobal
